// !$*UTF8*$!
{
	archiveVersion = 1;
	classes = {
	};
	objectVersion = 56;
	objects = {

/* Begin PBXBuildFile section */
		02AE36242A83C71A00CE77C7 /* AppDelegate.swift in Sources */ = {isa = PBXBuildFile; fileRef = 02AE36232A83C71A00CE77C7 /* AppDelegate.swift */; };
		02AE36262A83C71A00CE77C7 /* SceneDelegate.swift in Sources */ = {isa = PBXBuildFile; fileRef = 02AE36252A83C71A00CE77C7 /* SceneDelegate.swift */; };
		02AE362D2A83C71B00CE77C7 /* Assets.xcassets in Resources */ = {isa = PBXBuildFile; fileRef = 02AE362C2A83C71B00CE77C7 /* Assets.xcassets */; };
		02AE36302A83C71B00CE77C7 /* LaunchScreen.storyboard in Resources */ = {isa = PBXBuildFile; fileRef = 02AE362E2A83C71B00CE77C7 /* LaunchScreen.storyboard */; };
		02AE363B2A83C7AB00CE77C7 /* RepositoryListViewController.swift in Sources */ = {isa = PBXBuildFile; fileRef = 02AE363A2A83C7AB00CE77C7 /* RepositoryListViewController.swift */; };
		02AE363D2A83C81C00CE77C7 /* RepositoryListCell.swift in Sources */ = {isa = PBXBuildFile; fileRef = 02AE363C2A83C81C00CE77C7 /* RepositoryListCell.swift */; };
		02AE36402A83C83D00CE77C7 /* SnapKit in Frameworks */ = {isa = PBXBuildFile; productRef = 02AE363F2A83C83D00CE77C7 /* SnapKit */; };
		02AE36422A83CC8600CE77C7 /* Repository.swift in Sources */ = {isa = PBXBuildFile; fileRef = 02AE36412A83CC8600CE77C7 /* Repository.swift */; };
		02AE36452A83D04A00CE77C7 /* RxCocoa in Frameworks */ = {isa = PBXBuildFile; productRef = 02AE36442A83D04A00CE77C7 /* RxCocoa */; };
		02AE36472A83D04A00CE77C7 /* RxSwift in Frameworks */ = {isa = PBXBuildFile; productRef = 02AE36462A83D04A00CE77C7 /* RxSwift */; };
/* End PBXBuildFile section */

/* Begin PBXFileReference section */
		02AE36202A83C71A00CE77C7 /* GitHubRepository.app */ = {isa = PBXFileReference; explicitFileType = wrapper.application; includeInIndex = 0; path = GitHubRepository.app; sourceTree = BUILT_PRODUCTS_DIR; };
		02AE36232A83C71A00CE77C7 /* AppDelegate.swift */ = {isa = PBXFileReference; lastKnownFileType = sourcecode.swift; path = AppDelegate.swift; sourceTree = "<group>"; };
		02AE36252A83C71A00CE77C7 /* SceneDelegate.swift */ = {isa = PBXFileReference; lastKnownFileType = sourcecode.swift; path = SceneDelegate.swift; sourceTree = "<group>"; };
		02AE362C2A83C71B00CE77C7 /* Assets.xcassets */ = {isa = PBXFileReference; lastKnownFileType = folder.assetcatalog; path = Assets.xcassets; sourceTree = "<group>"; };
		02AE362F2A83C71B00CE77C7 /* Base */ = {isa = PBXFileReference; lastKnownFileType = file.storyboard; name = Base; path = Base.lproj/LaunchScreen.storyboard; sourceTree = "<group>"; };
		02AE36312A83C71B00CE77C7 /* Info.plist */ = {isa = PBXFileReference; lastKnownFileType = text.plist.xml; path = Info.plist; sourceTree = "<group>"; };
		02AE363A2A83C7AB00CE77C7 /* RepositoryListViewController.swift */ = {isa = PBXFileReference; lastKnownFileType = sourcecode.swift; path = RepositoryListViewController.swift; sourceTree = "<group>"; };
		02AE363C2A83C81C00CE77C7 /* RepositoryListCell.swift */ = {isa = PBXFileReference; lastKnownFileType = sourcecode.swift; path = RepositoryListCell.swift; sourceTree = "<group>"; };
		02AE36412A83CC8600CE77C7 /* Repository.swift */ = {isa = PBXFileReference; lastKnownFileType = sourcecode.swift; path = Repository.swift; sourceTree = "<group>"; };
/* End PBXFileReference section */

/* Begin PBXFrameworksBuildPhase section */
		02AE361D2A83C71A00CE77C7 /* Frameworks */ = {
			isa = PBXFrameworksBuildPhase;
			buildActionMask = 2147483647;
			files = (
				02AE36472A83D04A00CE77C7 /* RxSwift in Frameworks */,
				02AE36452A83D04A00CE77C7 /* RxCocoa in Frameworks */,
				02AE36402A83C83D00CE77C7 /* SnapKit in Frameworks */,
			);
			runOnlyForDeploymentPostprocessing = 0;
		};
/* End PBXFrameworksBuildPhase section */

/* Begin PBXGroup section */
		02AE36172A83C71A00CE77C7 = {
			isa = PBXGroup;
			children = (
				02AE36222A83C71A00CE77C7 /* GitHubRepository */,
				02AE36212A83C71A00CE77C7 /* Products */,
			);
			sourceTree = "<group>";
		};
		02AE36212A83C71A00CE77C7 /* Products */ = {
			isa = PBXGroup;
			children = (
				02AE36202A83C71A00CE77C7 /* GitHubRepository.app */,
			);
			name = Products;
			sourceTree = "<group>";
		};
		02AE36222A83C71A00CE77C7 /* GitHubRepository */ = {
			isa = PBXGroup;
			children = (
				02AE36232A83C71A00CE77C7 /* AppDelegate.swift */,
				02AE36252A83C71A00CE77C7 /* SceneDelegate.swift */,
				02AE362C2A83C71B00CE77C7 /* Assets.xcassets */,
				02AE362E2A83C71B00CE77C7 /* LaunchScreen.storyboard */,
				02AE36312A83C71B00CE77C7 /* Info.plist */,
				02AE363A2A83C7AB00CE77C7 /* RepositoryListViewController.swift */,
				02AE363C2A83C81C00CE77C7 /* RepositoryListCell.swift */,
				02AE36412A83CC8600CE77C7 /* Repository.swift */,
			);
			path = GitHubRepository;
			sourceTree = "<group>";
		};
/* End PBXGroup section */

/* Begin PBXNativeTarget section */
		02AE361F2A83C71A00CE77C7 /* GitHubRepository */ = {
			isa = PBXNativeTarget;
			buildConfigurationList = 02AE36342A83C71B00CE77C7 /* Build configuration list for PBXNativeTarget "GitHubRepository" */;
			buildPhases = (
				02AE361C2A83C71A00CE77C7 /* Sources */,
				02AE361D2A83C71A00CE77C7 /* Frameworks */,
				02AE361E2A83C71A00CE77C7 /* Resources */,
			);
			buildRules = (
			);
			dependencies = (
			);
			name = GitHubRepository;
			packageProductDependencies = (
				02AE363F2A83C83D00CE77C7 /* SnapKit */,
				02AE36442A83D04A00CE77C7 /* RxCocoa */,
				02AE36462A83D04A00CE77C7 /* RxSwift */,
			);
			productName = GitHubRepository;
			productReference = 02AE36202A83C71A00CE77C7 /* GitHubRepository.app */;
			productType = "com.apple.product-type.application";
		};
/* End PBXNativeTarget section */

/* Begin PBXProject section */
		02AE36182A83C71A00CE77C7 /* Project object */ = {
			isa = PBXProject;
			attributes = {
				BuildIndependentTargetsInParallel = 1;
				LastSwiftUpdateCheck = 1420;
				LastUpgradeCheck = 1420;
				TargetAttributes = {
					02AE361F2A83C71A00CE77C7 = {
						CreatedOnToolsVersion = 14.2;
					};
				};
			};
			buildConfigurationList = 02AE361B2A83C71A00CE77C7 /* Build configuration list for PBXProject "GitHubRepository" */;
			compatibilityVersion = "Xcode 14.0";
			developmentRegion = en;
			hasScannedForEncodings = 0;
			knownRegions = (
				en,
				Base,
			);
			mainGroup = 02AE36172A83C71A00CE77C7;
			packageReferences = (
				02AE363E2A83C83D00CE77C7 /* XCRemoteSwiftPackageReference "SnapKit" */,
				02AE36432A83D04A00CE77C7 /* XCRemoteSwiftPackageReference "RxSwift" */,
			);
			productRefGroup = 02AE36212A83C71A00CE77C7 /* Products */;
			projectDirPath = "";
			projectRoot = "";
			targets = (
				02AE361F2A83C71A00CE77C7 /* GitHubRepository */,
			);
		};
/* End PBXProject section */

/* Begin PBXResourcesBuildPhase section */
		02AE361E2A83C71A00CE77C7 /* Resources */ = {
			isa = PBXResourcesBuildPhase;
			buildActionMask = 2147483647;
			files = (
				02AE36302A83C71B00CE77C7 /* LaunchScreen.storyboard in Resources */,
				02AE362D2A83C71B00CE77C7 /* Assets.xcassets in Resources */,
			);
			runOnlyForDeploymentPostprocessing = 0;
		};
/* End PBXResourcesBuildPhase section */

/* Begin PBXSourcesBuildPhase section */
		02AE361C2A83C71A00CE77C7 /* Sources */ = {
			isa = PBXSourcesBuildPhase;
			buildActionMask = 2147483647;
			files = (
				02AE36242A83C71A00CE77C7 /* AppDelegate.swift in Sources */,
				02AE36262A83C71A00CE77C7 /* SceneDelegate.swift in Sources */,
				02AE36422A83CC8600CE77C7 /* Repository.swift in Sources */,
				02AE363B2A83C7AB00CE77C7 /* RepositoryListViewController.swift in Sources */,
				02AE363D2A83C81C00CE77C7 /* RepositoryListCell.swift in Sources */,
			);
			runOnlyForDeploymentPostprocessing = 0;
		};
/* End PBXSourcesBuildPhase section */

/* Begin PBXVariantGroup section */
		02AE362E2A83C71B00CE77C7 /* LaunchScreen.storyboard */ = {
			isa = PBXVariantGroup;
			children = (
				02AE362F2A83C71B00CE77C7 /* Base */,
			);
			name = LaunchScreen.storyboard;
			sourceTree = "<group>";
		};
/* End PBXVariantGroup section */

/* Begin XCBuildConfiguration section */
		02AE36322A83C71B00CE77C7 /* Debug */ = {
			isa = XCBuildConfiguration;
			buildSettings = {
				ALWAYS_SEARCH_USER_PATHS = NO;
				CLANG_ANALYZER_NONNULL = YES;
				CLANG_ANALYZER_NUMBER_OBJECT_CONVERSION = YES_AGGRESSIVE;
				CLANG_CXX_LANGUAGE_STANDARD = "gnu++20";
				CLANG_ENABLE_MODULES = YES;
				CLANG_ENABLE_OBJC_ARC = YES;
				CLANG_ENABLE_OBJC_WEAK = YES;
				CLANG_WARN_BLOCK_CAPTURE_AUTORELEASING = YES;
				CLANG_WARN_BOOL_CONVERSION = YES;
				CLANG_WARN_COMMA = YES;
				CLANG_WARN_CONSTANT_CONVERSION = YES;
				CLANG_WARN_DEPRECATED_OBJC_IMPLEMENTATIONS = YES;
				CLANG_WARN_DIRECT_OBJC_ISA_USAGE = YES_ERROR;
				CLANG_WARN_DOCUMENTATION_COMMENTS = YES;
				CLANG_WARN_EMPTY_BODY = YES;
				CLANG_WARN_ENUM_CONVERSION = YES;
				CLANG_WARN_INFINITE_RECURSION = YES;
				CLANG_WARN_INT_CONVERSION = YES;
				CLANG_WARN_NON_LITERAL_NULL_CONVERSION = YES;
				CLANG_WARN_OBJC_IMPLICIT_RETAIN_SELF = YES;
				CLANG_WARN_OBJC_LITERAL_CONVERSION = YES;
				CLANG_WARN_OBJC_ROOT_CLASS = YES_ERROR;
				CLANG_WARN_QUOTED_INCLUDE_IN_FRAMEWORK_HEADER = YES;
				CLANG_WARN_RANGE_LOOP_ANALYSIS = YES;
				CLANG_WARN_STRICT_PROTOTYPES = YES;
				CLANG_WARN_SUSPICIOUS_MOVE = YES;
				CLANG_WARN_UNGUARDED_AVAILABILITY = YES_AGGRESSIVE;
				CLANG_WARN_UNREACHABLE_CODE = YES;
				CLANG_WARN__DUPLICATE_METHOD_MATCH = YES;
				COPY_PHASE_STRIP = NO;
				DEBUG_INFORMATION_FORMAT = dwarf;
				ENABLE_STRICT_OBJC_MSGSEND = YES;
				ENABLE_TESTABILITY = YES;
				GCC_C_LANGUAGE_STANDARD = gnu11;
				GCC_DYNAMIC_NO_PIC = NO;
				GCC_NO_COMMON_BLOCKS = YES;
				GCC_OPTIMIZATION_LEVEL = 0;
				GCC_PREPROCESSOR_DEFINITIONS = (
					"DEBUG=1",
					"$(inherited)",
				);
				GCC_WARN_64_TO_32_BIT_CONVERSION = YES;
				GCC_WARN_ABOUT_RETURN_TYPE = YES_ERROR;
				GCC_WARN_UNDECLARED_SELECTOR = YES;
				GCC_WARN_UNINITIALIZED_AUTOS = YES_AGGRESSIVE;
				GCC_WARN_UNUSED_FUNCTION = YES;
				GCC_WARN_UNUSED_VARIABLE = YES;
				IPHONEOS_DEPLOYMENT_TARGET = 16.2;
				MTL_ENABLE_DEBUG_INFO = INCLUDE_SOURCE;
				MTL_FAST_MATH = YES;
				ONLY_ACTIVE_ARCH = YES;
				SDKROOT = iphoneos;
				SWIFT_ACTIVE_COMPILATION_CONDITIONS = DEBUG;
				SWIFT_OPTIMIZATION_LEVEL = "-Onone";
			};
			name = Debug;
		};
		02AE36332A83C71B00CE77C7 /* Release */ = {
			isa = XCBuildConfiguration;
			buildSettings = {
				ALWAYS_SEARCH_USER_PATHS = NO;
				CLANG_ANALYZER_NONNULL = YES;
				CLANG_ANALYZER_NUMBER_OBJECT_CONVERSION = YES_AGGRESSIVE;
				CLANG_CXX_LANGUAGE_STANDARD = "gnu++20";
				CLANG_ENABLE_MODULES = YES;
				CLANG_ENABLE_OBJC_ARC = YES;
				CLANG_ENABLE_OBJC_WEAK = YES;
				CLANG_WARN_BLOCK_CAPTURE_AUTORELEASING = YES;
				CLANG_WARN_BOOL_CONVERSION = YES;
				CLANG_WARN_COMMA = YES;
				CLANG_WARN_CONSTANT_CONVERSION = YES;
				CLANG_WARN_DEPRECATED_OBJC_IMPLEMENTATIONS = YES;
				CLANG_WARN_DIRECT_OBJC_ISA_USAGE = YES_ERROR;
				CLANG_WARN_DOCUMENTATION_COMMENTS = YES;
				CLANG_WARN_EMPTY_BODY = YES;
				CLANG_WARN_ENUM_CONVERSION = YES;
				CLANG_WARN_INFINITE_RECURSION = YES;
				CLANG_WARN_INT_CONVERSION = YES;
				CLANG_WARN_NON_LITERAL_NULL_CONVERSION = YES;
				CLANG_WARN_OBJC_IMPLICIT_RETAIN_SELF = YES;
				CLANG_WARN_OBJC_LITERAL_CONVERSION = YES;
				CLANG_WARN_OBJC_ROOT_CLASS = YES_ERROR;
				CLANG_WARN_QUOTED_INCLUDE_IN_FRAMEWORK_HEADER = YES;
				CLANG_WARN_RANGE_LOOP_ANALYSIS = YES;
				CLANG_WARN_STRICT_PROTOTYPES = YES;
				CLANG_WARN_SUSPICIOUS_MOVE = YES;
				CLANG_WARN_UNGUARDED_AVAILABILITY = YES_AGGRESSIVE;
				CLANG_WARN_UNREACHABLE_CODE = YES;
				CLANG_WARN__DUPLICATE_METHOD_MATCH = YES;
				COPY_PHASE_STRIP = NO;
				DEBUG_INFORMATION_FORMAT = "dwarf-with-dsym";
				ENABLE_NS_ASSERTIONS = NO;
				ENABLE_STRICT_OBJC_MSGSEND = YES;
				GCC_C_LANGUAGE_STANDARD = gnu11;
				GCC_NO_COMMON_BLOCKS = YES;
				GCC_WARN_64_TO_32_BIT_CONVERSION = YES;
				GCC_WARN_ABOUT_RETURN_TYPE = YES_ERROR;
				GCC_WARN_UNDECLARED_SELECTOR = YES;
				GCC_WARN_UNINITIALIZED_AUTOS = YES_AGGRESSIVE;
				GCC_WARN_UNUSED_FUNCTION = YES;
				GCC_WARN_UNUSED_VARIABLE = YES;
				IPHONEOS_DEPLOYMENT_TARGET = 16.2;
				MTL_ENABLE_DEBUG_INFO = NO;
				MTL_FAST_MATH = YES;
				SDKROOT = iphoneos;
				SWIFT_COMPILATION_MODE = wholemodule;
				SWIFT_OPTIMIZATION_LEVEL = "-O";
				VALIDATE_PRODUCT = YES;
			};
			name = Release;
		};
		02AE36352A83C71B00CE77C7 /* Debug */ = {
			isa = XCBuildConfiguration;
			buildSettings = {
				ASSETCATALOG_COMPILER_APPICON_NAME = AppIcon;
				ASSETCATALOG_COMPILER_GLOBAL_ACCENT_COLOR_NAME = AccentColor;
				CODE_SIGN_STYLE = Automatic;
				CURRENT_PROJECT_VERSION = 1;
				DEVELOPMENT_TEAM = 9U3GTR786Y;
				GENERATE_INFOPLIST_FILE = YES;
				INFOPLIST_FILE = GitHubRepository/Info.plist;
				INFOPLIST_KEY_UIApplicationSupportsIndirectInputEvents = YES;
				INFOPLIST_KEY_UILaunchStoryboardName = LaunchScreen;
				INFOPLIST_KEY_UISupportedInterfaceOrientations_iPad = "UIInterfaceOrientationPortrait UIInterfaceOrientationPortraitUpsideDown UIInterfaceOrientationLandscapeLeft UIInterfaceOrientationLandscapeRight";
				INFOPLIST_KEY_UISupportedInterfaceOrientations_iPhone = "UIInterfaceOrientationPortrait UIInterfaceOrientationLandscapeLeft UIInterfaceOrientationLandscapeRight";
				IPHONEOS_DEPLOYMENT_TARGET = 16.0;
				LD_RUNPATH_SEARCH_PATHS = (
					"$(inherited)",
					"@executable_path/Frameworks",
				);
				MARKETING_VERSION = 1.0;
				PRODUCT_BUNDLE_IDENTIFIER = com.clonecoding.fastcampus.GitHubRepository;
				PRODUCT_NAME = "$(TARGET_NAME)";
				SWIFT_EMIT_LOC_STRINGS = YES;
				SWIFT_VERSION = 5.0;
				TARGETED_DEVICE_FAMILY = "1,2";
			};
			name = Debug;
		};
		02AE36362A83C71B00CE77C7 /* Release */ = {
			isa = XCBuildConfiguration;
			buildSettings = {
				ASSETCATALOG_COMPILER_APPICON_NAME = AppIcon;
				ASSETCATALOG_COMPILER_GLOBAL_ACCENT_COLOR_NAME = AccentColor;
				CODE_SIGN_STYLE = Automatic;
				CURRENT_PROJECT_VERSION = 1;
				DEVELOPMENT_TEAM = 9U3GTR786Y;
				GENERATE_INFOPLIST_FILE = YES;
				INFOPLIST_FILE = GitHubRepository/Info.plist;
				INFOPLIST_KEY_UIApplicationSupportsIndirectInputEvents = YES;
				INFOPLIST_KEY_UILaunchStoryboardName = LaunchScreen;
				INFOPLIST_KEY_UISupportedInterfaceOrientations_iPad = "UIInterfaceOrientationPortrait UIInterfaceOrientationPortraitUpsideDown UIInterfaceOrientationLandscapeLeft UIInterfaceOrientationLandscapeRight";
				INFOPLIST_KEY_UISupportedInterfaceOrientations_iPhone = "UIInterfaceOrientationPortrait UIInterfaceOrientationLandscapeLeft UIInterfaceOrientationLandscapeRight";
				IPHONEOS_DEPLOYMENT_TARGET = 16.0;
				LD_RUNPATH_SEARCH_PATHS = (
					"$(inherited)",
					"@executable_path/Frameworks",
				);
				MARKETING_VERSION = 1.0;
				PRODUCT_BUNDLE_IDENTIFIER = com.clonecoding.fastcampus.GitHubRepository;
				PRODUCT_NAME = "$(TARGET_NAME)";
				SWIFT_EMIT_LOC_STRINGS = YES;
				SWIFT_VERSION = 5.0;
				TARGETED_DEVICE_FAMILY = "1,2";
			};
			name = Release;
		};
/* End XCBuildConfiguration section */

/* Begin XCConfigurationList section */
		02AE361B2A83C71A00CE77C7 /* Build configuration list for PBXProject "GitHubRepository" */ = {
			isa = XCConfigurationList;
			buildConfigurations = (
				02AE36322A83C71B00CE77C7 /* Debug */,
				02AE36332A83C71B00CE77C7 /* Release */,
			);
			defaultConfigurationIsVisible = 0;
			defaultConfigurationName = Release;
		};
		02AE36342A83C71B00CE77C7 /* Build configuration list for PBXNativeTarget "GitHubRepository" */ = {
			isa = XCConfigurationList;
			buildConfigurations = (
				02AE36352A83C71B00CE77C7 /* Debug */,
				02AE36362A83C71B00CE77C7 /* Release */,
			);
			defaultConfigurationIsVisible = 0;
			defaultConfigurationName = Release;
		};
/* End XCConfigurationList section */

/* Begin XCRemoteSwiftPackageReference section */
		02AE363E2A83C83D00CE77C7 /* XCRemoteSwiftPackageReference "SnapKit" */ = {
			isa = XCRemoteSwiftPackageReference;
			repositoryURL = "https://github.com/SnapKit/SnapKit.git";
			requirement = {
				kind = upToNextMajorVersion;
				minimumVersion = 5.0.0;
			};
		};
		02AE36432A83D04A00CE77C7 /* XCRemoteSwiftPackageReference "RxSwift" */ = {
			isa = XCRemoteSwiftPackageReference;
			repositoryURL = "https://github.com/ReactiveX/RxSwift.git";
			requirement = {
				branch = main;
				kind = branch;
			};
		};
/* End XCRemoteSwiftPackageReference section */

/* Begin XCSwiftPackageProductDependency section */
		02AE363F2A83C83D00CE77C7 /* SnapKit */ = {
			isa = XCSwiftPackageProductDependency;
			package = 02AE363E2A83C83D00CE77C7 /* XCRemoteSwiftPackageReference "SnapKit" */;
			productName = SnapKit;
		};
		02AE36442A83D04A00CE77C7 /* RxCocoa */ = {
			isa = XCSwiftPackageProductDependency;
			package = 02AE36432A83D04A00CE77C7 /* XCRemoteSwiftPackageReference "RxSwift" */;
			productName = RxCocoa;
		};
		02AE36462A83D04A00CE77C7 /* RxSwift */ = {
			isa = XCSwiftPackageProductDependency;
			package = 02AE36432A83D04A00CE77C7 /* XCRemoteSwiftPackageReference "RxSwift" */;
			productName = RxSwift;
		};
/* End XCSwiftPackageProductDependency section */
	};
	rootObject = 02AE36182A83C71A00CE77C7 /* Project object */;
}
