// !$*UTF8*$!
{
	archiveVersion = 1;
	classes = {
	};
	objectVersion = 56;
	objects = {

/* Begin PBXBuildFile section */
		02D081B72A8661AE00999D48 /* DKBlog.swift in Sources */ = {isa = PBXBuildFile; fileRef = 02D081B62A8661AE00999D48 /* DKBlog.swift */; };
		02D081B92A86633600999D48 /* SearchBlogAPI.swift in Sources */ = {isa = PBXBuildFile; fileRef = 02D081B82A86633600999D48 /* SearchBlogAPI.swift */; };
		02D081BC2A8663E600999D48 /* SearchBlogNetwork.swift in Sources */ = {isa = PBXBuildFile; fileRef = 02D081BB2A8663E600999D48 /* SearchBlogNetwork.swift */; };
		02D081BE2A866B9800999D48 /* SearchBarViewModel.swift in Sources */ = {isa = PBXBuildFile; fileRef = 02D081BD2A866B9800999D48 /* SearchBarViewModel.swift */; };
		02D081C02A866D7300999D48 /* FilterViewModel.swift in Sources */ = {isa = PBXBuildFile; fileRef = 02D081BF2A866D7300999D48 /* FilterViewModel.swift */; };
		02D081C22A866DC100999D48 /* BlogListViewModel.swift in Sources */ = {isa = PBXBuildFile; fileRef = 02D081C12A866DC100999D48 /* BlogListViewModel.swift */; };
		02D081C42A866EBE00999D48 /* MainViewModel.swift in Sources */ = {isa = PBXBuildFile; fileRef = 02D081C32A866EBE00999D48 /* MainViewModel.swift */; };
		02D081C62A86712A00999D48 /* MainModel.swift in Sources */ = {isa = PBXBuildFile; fileRef = 02D081C52A86712A00999D48 /* MainModel.swift */; };
		02D9A64E2A8512E000E7F6A4 /* AppDelegate.swift in Sources */ = {isa = PBXBuildFile; fileRef = 02D9A64D2A8512E000E7F6A4 /* AppDelegate.swift */; };
		02D9A6502A8512E000E7F6A4 /* SceneDelegate.swift in Sources */ = {isa = PBXBuildFile; fileRef = 02D9A64F2A8512E000E7F6A4 /* SceneDelegate.swift */; };
		02D9A6572A8512E100E7F6A4 /* Assets.xcassets in Resources */ = {isa = PBXBuildFile; fileRef = 02D9A6562A8512E100E7F6A4 /* Assets.xcassets */; };
		02D9A65A2A8512E100E7F6A4 /* LaunchScreen.storyboard in Resources */ = {isa = PBXBuildFile; fileRef = 02D9A6582A8512E100E7F6A4 /* LaunchScreen.storyboard */; };
		02D9A6632A8512FB00E7F6A4 /* RxCocoa in Frameworks */ = {isa = PBXBuildFile; productRef = 02D9A6622A8512FB00E7F6A4 /* RxCocoa */; };
		02D9A6652A8512FB00E7F6A4 /* RxRelay in Frameworks */ = {isa = PBXBuildFile; productRef = 02D9A6642A8512FB00E7F6A4 /* RxRelay */; };
		02D9A6672A8512FB00E7F6A4 /* RxSwift in Frameworks */ = {isa = PBXBuildFile; productRef = 02D9A6662A8512FB00E7F6A4 /* RxSwift */; };
		02D9A66A2A85131D00E7F6A4 /* Kingfisher in Frameworks */ = {isa = PBXBuildFile; productRef = 02D9A6692A85131D00E7F6A4 /* Kingfisher */; };
		02D9A66D2A85133100E7F6A4 /* SnapKit in Frameworks */ = {isa = PBXBuildFile; productRef = 02D9A66C2A85133100E7F6A4 /* SnapKit */; };
		02D9A66F2A85136A00E7F6A4 /* MainViewController.swift in Sources */ = {isa = PBXBuildFile; fileRef = 02D9A66E2A85136A00E7F6A4 /* MainViewController.swift */; };
		02D9A6712A85142B00E7F6A4 /* SearchBar.swift in Sources */ = {isa = PBXBuildFile; fileRef = 02D9A6702A85142B00E7F6A4 /* SearchBar.swift */; };
		02D9A6732A8516C600E7F6A4 /* FilterView.swift in Sources */ = {isa = PBXBuildFile; fileRef = 02D9A6722A8516C600E7F6A4 /* FilterView.swift */; };
		02D9A6752A85180600E7F6A4 /* BlogListView.swift in Sources */ = {isa = PBXBuildFile; fileRef = 02D9A6742A85180600E7F6A4 /* BlogListView.swift */; };
		02D9A6772A85181B00E7F6A4 /* BlogListCell.swift in Sources */ = {isa = PBXBuildFile; fileRef = 02D9A6762A85181B00E7F6A4 /* BlogListCell.swift */; };
		02D9A67B2A85185F00E7F6A4 /* BlogListCellData.swift in Sources */ = {isa = PBXBuildFile; fileRef = 02D9A67A2A85185F00E7F6A4 /* BlogListCellData.swift */; };
		02D9A6822A851D6F00E7F6A4 /* AlertActionConvertible.swift in Sources */ = {isa = PBXBuildFile; fileRef = 02D9A6812A851D6F00E7F6A4 /* AlertActionConvertible.swift */; };
/* End PBXBuildFile section */

/* Begin PBXFileReference section */
		02D081B62A8661AE00999D48 /* DKBlog.swift */ = {isa = PBXFileReference; lastKnownFileType = sourcecode.swift; path = DKBlog.swift; sourceTree = "<group>"; };
		02D081B82A86633600999D48 /* SearchBlogAPI.swift */ = {isa = PBXFileReference; lastKnownFileType = sourcecode.swift; path = SearchBlogAPI.swift; sourceTree = "<group>"; };
		02D081BB2A8663E600999D48 /* SearchBlogNetwork.swift */ = {isa = PBXFileReference; lastKnownFileType = sourcecode.swift; path = SearchBlogNetwork.swift; sourceTree = "<group>"; };
		02D081BD2A866B9800999D48 /* SearchBarViewModel.swift */ = {isa = PBXFileReference; lastKnownFileType = sourcecode.swift; path = SearchBarViewModel.swift; sourceTree = "<group>"; };
		02D081BF2A866D7300999D48 /* FilterViewModel.swift */ = {isa = PBXFileReference; lastKnownFileType = sourcecode.swift; path = FilterViewModel.swift; sourceTree = "<group>"; };
		02D081C12A866DC100999D48 /* BlogListViewModel.swift */ = {isa = PBXFileReference; lastKnownFileType = sourcecode.swift; path = BlogListViewModel.swift; sourceTree = "<group>"; };
		02D081C32A866EBE00999D48 /* MainViewModel.swift */ = {isa = PBXFileReference; lastKnownFileType = sourcecode.swift; path = MainViewModel.swift; sourceTree = "<group>"; };
		02D081C52A86712A00999D48 /* MainModel.swift */ = {isa = PBXFileReference; lastKnownFileType = sourcecode.swift; path = MainModel.swift; sourceTree = "<group>"; };
		02D9A64A2A8512E000E7F6A4 /* SearchDaumBlog.app */ = {isa = PBXFileReference; explicitFileType = wrapper.application; includeInIndex = 0; path = SearchDaumBlog.app; sourceTree = BUILT_PRODUCTS_DIR; };
		02D9A64D2A8512E000E7F6A4 /* AppDelegate.swift */ = {isa = PBXFileReference; lastKnownFileType = sourcecode.swift; path = AppDelegate.swift; sourceTree = "<group>"; };
		02D9A64F2A8512E000E7F6A4 /* SceneDelegate.swift */ = {isa = PBXFileReference; lastKnownFileType = sourcecode.swift; path = SceneDelegate.swift; sourceTree = "<group>"; };
		02D9A6562A8512E100E7F6A4 /* Assets.xcassets */ = {isa = PBXFileReference; lastKnownFileType = folder.assetcatalog; path = Assets.xcassets; sourceTree = "<group>"; };
		02D9A6592A8512E100E7F6A4 /* Base */ = {isa = PBXFileReference; lastKnownFileType = file.storyboard; name = Base; path = Base.lproj/LaunchScreen.storyboard; sourceTree = "<group>"; };
		02D9A65B2A8512E100E7F6A4 /* Info.plist */ = {isa = PBXFileReference; lastKnownFileType = text.plist.xml; path = Info.plist; sourceTree = "<group>"; };
		02D9A66E2A85136A00E7F6A4 /* MainViewController.swift */ = {isa = PBXFileReference; lastKnownFileType = sourcecode.swift; path = MainViewController.swift; sourceTree = "<group>"; };
		02D9A6702A85142B00E7F6A4 /* SearchBar.swift */ = {isa = PBXFileReference; lastKnownFileType = sourcecode.swift; path = SearchBar.swift; sourceTree = "<group>"; };
		02D9A6722A8516C600E7F6A4 /* FilterView.swift */ = {isa = PBXFileReference; lastKnownFileType = sourcecode.swift; path = FilterView.swift; sourceTree = "<group>"; };
		02D9A6742A85180600E7F6A4 /* BlogListView.swift */ = {isa = PBXFileReference; lastKnownFileType = sourcecode.swift; path = BlogListView.swift; sourceTree = "<group>"; };
		02D9A6762A85181B00E7F6A4 /* BlogListCell.swift */ = {isa = PBXFileReference; lastKnownFileType = sourcecode.swift; path = BlogListCell.swift; sourceTree = "<group>"; };
		02D9A67A2A85185F00E7F6A4 /* BlogListCellData.swift */ = {isa = PBXFileReference; lastKnownFileType = sourcecode.swift; path = BlogListCellData.swift; sourceTree = "<group>"; };
		02D9A6812A851D6F00E7F6A4 /* AlertActionConvertible.swift */ = {isa = PBXFileReference; lastKnownFileType = sourcecode.swift; path = AlertActionConvertible.swift; sourceTree = "<group>"; };
/* End PBXFileReference section */

/* Begin PBXFrameworksBuildPhase section */
		02D9A6472A8512E000E7F6A4 /* Frameworks */ = {
			isa = PBXFrameworksBuildPhase;
			buildActionMask = 2147483647;
			files = (
				02D9A66A2A85131D00E7F6A4 /* Kingfisher in Frameworks */,
				02D9A6672A8512FB00E7F6A4 /* RxSwift in Frameworks */,
				02D9A6652A8512FB00E7F6A4 /* RxRelay in Frameworks */,
				02D9A6632A8512FB00E7F6A4 /* RxCocoa in Frameworks */,
				02D9A66D2A85133100E7F6A4 /* SnapKit in Frameworks */,
			);
			runOnlyForDeploymentPostprocessing = 0;
		};
/* End PBXFrameworksBuildPhase section */

/* Begin PBXGroup section */
		02D081BA2A86633900999D48 /* Network */ = {
			isa = PBXGroup;
			children = (
				02D081B82A86633600999D48 /* SearchBlogAPI.swift */,
				02D081BB2A8663E600999D48 /* SearchBlogNetwork.swift */,
			);
			path = Network;
			sourceTree = "<group>";
		};
		02D9A6412A8512E000E7F6A4 = {
			isa = PBXGroup;
			children = (
				02D9A64C2A8512E000E7F6A4 /* SearchDaumBlog */,
				02D9A64B2A8512E000E7F6A4 /* Products */,
			);
			sourceTree = "<group>";
		};
		02D9A64B2A8512E000E7F6A4 /* Products */ = {
			isa = PBXGroup;
			children = (
				02D9A64A2A8512E000E7F6A4 /* SearchDaumBlog.app */,
			);
			name = Products;
			sourceTree = "<group>";
		};
		02D9A64C2A8512E000E7F6A4 /* SearchDaumBlog */ = {
			isa = PBXGroup;
			children = (
				02D9A64D2A8512E000E7F6A4 /* AppDelegate.swift */,
				02D9A64F2A8512E000E7F6A4 /* SceneDelegate.swift */,
				02D9A6792A85183F00E7F6A4 /* Entities */,
				02D081BA2A86633900999D48 /* Network */,
				02D9A6782A85182500E7F6A4 /* Presentation */,
				02D9A6562A8512E100E7F6A4 /* Assets.xcassets */,
				02D9A6582A8512E100E7F6A4 /* LaunchScreen.storyboard */,
				02D9A65B2A8512E100E7F6A4 /* Info.plist */,
			);
			path = SearchDaumBlog;
			sourceTree = "<group>";
		};
		02D9A6782A85182500E7F6A4 /* Presentation */ = {
			isa = PBXGroup;
			children = (
				02D9A67C2A851C5600E7F6A4 /* MainViewController */,
			);
			path = Presentation;
			sourceTree = "<group>";
		};
		02D9A6792A85183F00E7F6A4 /* Entities */ = {
			isa = PBXGroup;
			children = (
				02D9A67A2A85185F00E7F6A4 /* BlogListCellData.swift */,
				02D9A6812A851D6F00E7F6A4 /* AlertActionConvertible.swift */,
				02D081B62A8661AE00999D48 /* DKBlog.swift */,
			);
			path = Entities;
			sourceTree = "<group>";
		};
		02D9A67C2A851C5600E7F6A4 /* MainViewController */ = {
			isa = PBXGroup;
			children = (
				02D9A66E2A85136A00E7F6A4 /* MainViewController.swift */,
				02D081C32A866EBE00999D48 /* MainViewModel.swift */,
				02D081C52A86712A00999D48 /* MainModel.swift */,
				02D9A67D2A851C6000E7F6A4 /* SubComponents */,
			);
			path = MainViewController;
			sourceTree = "<group>";
		};
		02D9A67D2A851C6000E7F6A4 /* SubComponents */ = {
			isa = PBXGroup;
			children = (
				02D9A67E2A851C8B00E7F6A4 /* SearchBar */,
				02D9A67F2A851C9500E7F6A4 /* BlogListView */,
			);
			path = SubComponents;
			sourceTree = "<group>";
		};
		02D9A67E2A851C8B00E7F6A4 /* SearchBar */ = {
			isa = PBXGroup;
			children = (
				02D9A6702A85142B00E7F6A4 /* SearchBar.swift */,
				02D081BD2A866B9800999D48 /* SearchBarViewModel.swift */,
			);
			path = SearchBar;
			sourceTree = "<group>";
		};
		02D9A67F2A851C9500E7F6A4 /* BlogListView */ = {
			isa = PBXGroup;
			children = (
				02D9A6742A85180600E7F6A4 /* BlogListView.swift */,
				02D081C12A866DC100999D48 /* BlogListViewModel.swift */,
				02D9A6802A851CAB00E7F6A4 /* SubComponents */,
			);
			path = BlogListView;
			sourceTree = "<group>";
		};
		02D9A6802A851CAB00E7F6A4 /* SubComponents */ = {
			isa = PBXGroup;
			children = (
				02D9A6722A8516C600E7F6A4 /* FilterView.swift */,
				02D081BF2A866D7300999D48 /* FilterViewModel.swift */,
				02D9A6762A85181B00E7F6A4 /* BlogListCell.swift */,
			);
			path = SubComponents;
			sourceTree = "<group>";
		};
/* End PBXGroup section */

/* Begin PBXNativeTarget section */
		02D9A6492A8512E000E7F6A4 /* SearchDaumBlog */ = {
			isa = PBXNativeTarget;
			buildConfigurationList = 02D9A65E2A8512E100E7F6A4 /* Build configuration list for PBXNativeTarget "SearchDaumBlog" */;
			buildPhases = (
				02D9A6462A8512E000E7F6A4 /* Sources */,
				02D9A6472A8512E000E7F6A4 /* Frameworks */,
				02D9A6482A8512E000E7F6A4 /* Resources */,
			);
			buildRules = (
			);
			dependencies = (
			);
			name = SearchDaumBlog;
			packageProductDependencies = (
				02D9A6622A8512FB00E7F6A4 /* RxCocoa */,
				02D9A6642A8512FB00E7F6A4 /* RxRelay */,
				02D9A6662A8512FB00E7F6A4 /* RxSwift */,
				02D9A6692A85131D00E7F6A4 /* Kingfisher */,
				02D9A66C2A85133100E7F6A4 /* SnapKit */,
			);
			productName = SearchDaumBlog;
			productReference = 02D9A64A2A8512E000E7F6A4 /* SearchDaumBlog.app */;
			productType = "com.apple.product-type.application";
		};
/* End PBXNativeTarget section */

/* Begin PBXProject section */
		02D9A6422A8512E000E7F6A4 /* Project object */ = {
			isa = PBXProject;
			attributes = {
				BuildIndependentTargetsInParallel = 1;
				LastSwiftUpdateCheck = 1420;
				LastUpgradeCheck = 1420;
				TargetAttributes = {
					02D9A6492A8512E000E7F6A4 = {
						CreatedOnToolsVersion = 14.2;
					};
				};
			};
			buildConfigurationList = 02D9A6452A8512E000E7F6A4 /* Build configuration list for PBXProject "SearchDaumBlog" */;
			compatibilityVersion = "Xcode 14.0";
			developmentRegion = en;
			hasScannedForEncodings = 0;
			knownRegions = (
				en,
				Base,
			);
			mainGroup = 02D9A6412A8512E000E7F6A4;
			packageReferences = (
				02D9A6612A8512FA00E7F6A4 /* XCRemoteSwiftPackageReference "RxSwift" */,
				02D9A6682A85131D00E7F6A4 /* XCRemoteSwiftPackageReference "Kingfisher" */,
				02D9A66B2A85133100E7F6A4 /* XCRemoteSwiftPackageReference "SnapKit" */,
			);
			productRefGroup = 02D9A64B2A8512E000E7F6A4 /* Products */;
			projectDirPath = "";
			projectRoot = "";
			targets = (
				02D9A6492A8512E000E7F6A4 /* SearchDaumBlog */,
			);
		};
/* End PBXProject section */

/* Begin PBXResourcesBuildPhase section */
		02D9A6482A8512E000E7F6A4 /* Resources */ = {
			isa = PBXResourcesBuildPhase;
			buildActionMask = 2147483647;
			files = (
				02D9A65A2A8512E100E7F6A4 /* LaunchScreen.storyboard in Resources */,
				02D9A6572A8512E100E7F6A4 /* Assets.xcassets in Resources */,
			);
			runOnlyForDeploymentPostprocessing = 0;
		};
/* End PBXResourcesBuildPhase section */

/* Begin PBXSourcesBuildPhase section */
		02D9A6462A8512E000E7F6A4 /* Sources */ = {
			isa = PBXSourcesBuildPhase;
			buildActionMask = 2147483647;
			files = (
				02D081C02A866D7300999D48 /* FilterViewModel.swift in Sources */,
				02D081B92A86633600999D48 /* SearchBlogAPI.swift in Sources */,
				02D9A66F2A85136A00E7F6A4 /* MainViewController.swift in Sources */,
				02D9A6772A85181B00E7F6A4 /* BlogListCell.swift in Sources */,
				02D081B72A8661AE00999D48 /* DKBlog.swift in Sources */,
				02D9A6752A85180600E7F6A4 /* BlogListView.swift in Sources */,
				02D081BE2A866B9800999D48 /* SearchBarViewModel.swift in Sources */,
				02D081C22A866DC100999D48 /* BlogListViewModel.swift in Sources */,
				02D9A67B2A85185F00E7F6A4 /* BlogListCellData.swift in Sources */,
				02D9A6712A85142B00E7F6A4 /* SearchBar.swift in Sources */,
				02D9A64E2A8512E000E7F6A4 /* AppDelegate.swift in Sources */,
				02D081C62A86712A00999D48 /* MainModel.swift in Sources */,
				02D9A6732A8516C600E7F6A4 /* FilterView.swift in Sources */,
				02D9A6502A8512E000E7F6A4 /* SceneDelegate.swift in Sources */,
				02D081BC2A8663E600999D48 /* SearchBlogNetwork.swift in Sources */,
				02D9A6822A851D6F00E7F6A4 /* AlertActionConvertible.swift in Sources */,
				02D081C42A866EBE00999D48 /* MainViewModel.swift in Sources */,
			);
			runOnlyForDeploymentPostprocessing = 0;
		};
/* End PBXSourcesBuildPhase section */

/* Begin PBXVariantGroup section */
		02D9A6582A8512E100E7F6A4 /* LaunchScreen.storyboard */ = {
			isa = PBXVariantGroup;
			children = (
				02D9A6592A8512E100E7F6A4 /* Base */,
			);
			name = LaunchScreen.storyboard;
			sourceTree = "<group>";
		};
/* End PBXVariantGroup section */

/* Begin XCBuildConfiguration section */
		02D9A65C2A8512E100E7F6A4 /* Debug */ = {
			isa = XCBuildConfiguration;
			buildSettings = {
				ALWAYS_SEARCH_USER_PATHS = NO;
				CLANG_ANALYZER_NONNULL = YES;
				CLANG_ANALYZER_NUMBER_OBJECT_CONVERSION = YES_AGGRESSIVE;
				CLANG_CXX_LANGUAGE_STANDARD = "gnu++20";
				CLANG_ENABLE_MODULES = YES;
				CLANG_ENABLE_OBJC_ARC = YES;
				CLANG_ENABLE_OBJC_WEAK = YES;
				CLANG_WARN_BLOCK_CAPTURE_AUTORELEASING = YES;
				CLANG_WARN_BOOL_CONVERSION = YES;
				CLANG_WARN_COMMA = YES;
				CLANG_WARN_CONSTANT_CONVERSION = YES;
				CLANG_WARN_DEPRECATED_OBJC_IMPLEMENTATIONS = YES;
				CLANG_WARN_DIRECT_OBJC_ISA_USAGE = YES_ERROR;
				CLANG_WARN_DOCUMENTATION_COMMENTS = YES;
				CLANG_WARN_EMPTY_BODY = YES;
				CLANG_WARN_ENUM_CONVERSION = YES;
				CLANG_WARN_INFINITE_RECURSION = YES;
				CLANG_WARN_INT_CONVERSION = YES;
				CLANG_WARN_NON_LITERAL_NULL_CONVERSION = YES;
				CLANG_WARN_OBJC_IMPLICIT_RETAIN_SELF = YES;
				CLANG_WARN_OBJC_LITERAL_CONVERSION = YES;
				CLANG_WARN_OBJC_ROOT_CLASS = YES_ERROR;
				CLANG_WARN_QUOTED_INCLUDE_IN_FRAMEWORK_HEADER = YES;
				CLANG_WARN_RANGE_LOOP_ANALYSIS = YES;
				CLANG_WARN_STRICT_PROTOTYPES = YES;
				CLANG_WARN_SUSPICIOUS_MOVE = YES;
				CLANG_WARN_UNGUARDED_AVAILABILITY = YES_AGGRESSIVE;
				CLANG_WARN_UNREACHABLE_CODE = YES;
				CLANG_WARN__DUPLICATE_METHOD_MATCH = YES;
				COPY_PHASE_STRIP = NO;
				DEBUG_INFORMATION_FORMAT = dwarf;
				ENABLE_STRICT_OBJC_MSGSEND = YES;
				ENABLE_TESTABILITY = YES;
				GCC_C_LANGUAGE_STANDARD = gnu11;
				GCC_DYNAMIC_NO_PIC = NO;
				GCC_NO_COMMON_BLOCKS = YES;
				GCC_OPTIMIZATION_LEVEL = 0;
				GCC_PREPROCESSOR_DEFINITIONS = (
					"DEBUG=1",
					"$(inherited)",
				);
				GCC_WARN_64_TO_32_BIT_CONVERSION = YES;
				GCC_WARN_ABOUT_RETURN_TYPE = YES_ERROR;
				GCC_WARN_UNDECLARED_SELECTOR = YES;
				GCC_WARN_UNINITIALIZED_AUTOS = YES_AGGRESSIVE;
				GCC_WARN_UNUSED_FUNCTION = YES;
				GCC_WARN_UNUSED_VARIABLE = YES;
				IPHONEOS_DEPLOYMENT_TARGET = 16.2;
				MTL_ENABLE_DEBUG_INFO = INCLUDE_SOURCE;
				MTL_FAST_MATH = YES;
				ONLY_ACTIVE_ARCH = YES;
				SDKROOT = iphoneos;
				SWIFT_ACTIVE_COMPILATION_CONDITIONS = DEBUG;
				SWIFT_OPTIMIZATION_LEVEL = "-Onone";
			};
			name = Debug;
		};
		02D9A65D2A8512E100E7F6A4 /* Release */ = {
			isa = XCBuildConfiguration;
			buildSettings = {
				ALWAYS_SEARCH_USER_PATHS = NO;
				CLANG_ANALYZER_NONNULL = YES;
				CLANG_ANALYZER_NUMBER_OBJECT_CONVERSION = YES_AGGRESSIVE;
				CLANG_CXX_LANGUAGE_STANDARD = "gnu++20";
				CLANG_ENABLE_MODULES = YES;
				CLANG_ENABLE_OBJC_ARC = YES;
				CLANG_ENABLE_OBJC_WEAK = YES;
				CLANG_WARN_BLOCK_CAPTURE_AUTORELEASING = YES;
				CLANG_WARN_BOOL_CONVERSION = YES;
				CLANG_WARN_COMMA = YES;
				CLANG_WARN_CONSTANT_CONVERSION = YES;
				CLANG_WARN_DEPRECATED_OBJC_IMPLEMENTATIONS = YES;
				CLANG_WARN_DIRECT_OBJC_ISA_USAGE = YES_ERROR;
				CLANG_WARN_DOCUMENTATION_COMMENTS = YES;
				CLANG_WARN_EMPTY_BODY = YES;
				CLANG_WARN_ENUM_CONVERSION = YES;
				CLANG_WARN_INFINITE_RECURSION = YES;
				CLANG_WARN_INT_CONVERSION = YES;
				CLANG_WARN_NON_LITERAL_NULL_CONVERSION = YES;
				CLANG_WARN_OBJC_IMPLICIT_RETAIN_SELF = YES;
				CLANG_WARN_OBJC_LITERAL_CONVERSION = YES;
				CLANG_WARN_OBJC_ROOT_CLASS = YES_ERROR;
				CLANG_WARN_QUOTED_INCLUDE_IN_FRAMEWORK_HEADER = YES;
				CLANG_WARN_RANGE_LOOP_ANALYSIS = YES;
				CLANG_WARN_STRICT_PROTOTYPES = YES;
				CLANG_WARN_SUSPICIOUS_MOVE = YES;
				CLANG_WARN_UNGUARDED_AVAILABILITY = YES_AGGRESSIVE;
				CLANG_WARN_UNREACHABLE_CODE = YES;
				CLANG_WARN__DUPLICATE_METHOD_MATCH = YES;
				COPY_PHASE_STRIP = NO;
				DEBUG_INFORMATION_FORMAT = "dwarf-with-dsym";
				ENABLE_NS_ASSERTIONS = NO;
				ENABLE_STRICT_OBJC_MSGSEND = YES;
				GCC_C_LANGUAGE_STANDARD = gnu11;
				GCC_NO_COMMON_BLOCKS = YES;
				GCC_WARN_64_TO_32_BIT_CONVERSION = YES;
				GCC_WARN_ABOUT_RETURN_TYPE = YES_ERROR;
				GCC_WARN_UNDECLARED_SELECTOR = YES;
				GCC_WARN_UNINITIALIZED_AUTOS = YES_AGGRESSIVE;
				GCC_WARN_UNUSED_FUNCTION = YES;
				GCC_WARN_UNUSED_VARIABLE = YES;
				IPHONEOS_DEPLOYMENT_TARGET = 16.2;
				MTL_ENABLE_DEBUG_INFO = NO;
				MTL_FAST_MATH = YES;
				SDKROOT = iphoneos;
				SWIFT_COMPILATION_MODE = wholemodule;
				SWIFT_OPTIMIZATION_LEVEL = "-O";
				VALIDATE_PRODUCT = YES;
			};
			name = Release;
		};
		02D9A65F2A8512E100E7F6A4 /* Debug */ = {
			isa = XCBuildConfiguration;
			buildSettings = {
				ASSETCATALOG_COMPILER_APPICON_NAME = AppIcon;
				ASSETCATALOG_COMPILER_GLOBAL_ACCENT_COLOR_NAME = AccentColor;
				CODE_SIGN_STYLE = Automatic;
				CURRENT_PROJECT_VERSION = 1;
				DEVELOPMENT_TEAM = 9U3GTR786Y;
				GENERATE_INFOPLIST_FILE = YES;
				INFOPLIST_FILE = SearchDaumBlog/Info.plist;
				INFOPLIST_KEY_UIApplicationSupportsIndirectInputEvents = YES;
				INFOPLIST_KEY_UILaunchStoryboardName = LaunchScreen;
				INFOPLIST_KEY_UISupportedInterfaceOrientations_iPad = "UIInterfaceOrientationPortrait UIInterfaceOrientationPortraitUpsideDown UIInterfaceOrientationLandscapeLeft UIInterfaceOrientationLandscapeRight";
				INFOPLIST_KEY_UISupportedInterfaceOrientations_iPhone = "UIInterfaceOrientationPortrait UIInterfaceOrientationLandscapeLeft UIInterfaceOrientationLandscapeRight";
				LD_RUNPATH_SEARCH_PATHS = (
					"$(inherited)",
					"@executable_path/Frameworks",
				);
				MARKETING_VERSION = 1.0;
				PRODUCT_BUNDLE_IDENTIFIER = com.clonecoding.fastcampus.SearchDaumBlog;
				PRODUCT_NAME = "$(TARGET_NAME)";
				SWIFT_EMIT_LOC_STRINGS = YES;
				SWIFT_VERSION = 5.0;
				TARGETED_DEVICE_FAMILY = "1,2";
			};
			name = Debug;
		};
		02D9A6602A8512E100E7F6A4 /* Release */ = {
			isa = XCBuildConfiguration;
			buildSettings = {
				ASSETCATALOG_COMPILER_APPICON_NAME = AppIcon;
				ASSETCATALOG_COMPILER_GLOBAL_ACCENT_COLOR_NAME = AccentColor;
				CODE_SIGN_STYLE = Automatic;
				CURRENT_PROJECT_VERSION = 1;
				DEVELOPMENT_TEAM = 9U3GTR786Y;
				GENERATE_INFOPLIST_FILE = YES;
				INFOPLIST_FILE = SearchDaumBlog/Info.plist;
				INFOPLIST_KEY_UIApplicationSupportsIndirectInputEvents = YES;
				INFOPLIST_KEY_UILaunchStoryboardName = LaunchScreen;
				INFOPLIST_KEY_UISupportedInterfaceOrientations_iPad = "UIInterfaceOrientationPortrait UIInterfaceOrientationPortraitUpsideDown UIInterfaceOrientationLandscapeLeft UIInterfaceOrientationLandscapeRight";
				INFOPLIST_KEY_UISupportedInterfaceOrientations_iPhone = "UIInterfaceOrientationPortrait UIInterfaceOrientationLandscapeLeft UIInterfaceOrientationLandscapeRight";
				LD_RUNPATH_SEARCH_PATHS = (
					"$(inherited)",
					"@executable_path/Frameworks",
				);
				MARKETING_VERSION = 1.0;
				PRODUCT_BUNDLE_IDENTIFIER = com.clonecoding.fastcampus.SearchDaumBlog;
				PRODUCT_NAME = "$(TARGET_NAME)";
				SWIFT_EMIT_LOC_STRINGS = YES;
				SWIFT_VERSION = 5.0;
				TARGETED_DEVICE_FAMILY = "1,2";
			};
			name = Release;
		};
/* End XCBuildConfiguration section */

/* Begin XCConfigurationList section */
		02D9A6452A8512E000E7F6A4 /* Build configuration list for PBXProject "SearchDaumBlog" */ = {
			isa = XCConfigurationList;
			buildConfigurations = (
				02D9A65C2A8512E100E7F6A4 /* Debug */,
				02D9A65D2A8512E100E7F6A4 /* Release */,
			);
			defaultConfigurationIsVisible = 0;
			defaultConfigurationName = Release;
		};
		02D9A65E2A8512E100E7F6A4 /* Build configuration list for PBXNativeTarget "SearchDaumBlog" */ = {
			isa = XCConfigurationList;
			buildConfigurations = (
				02D9A65F2A8512E100E7F6A4 /* Debug */,
				02D9A6602A8512E100E7F6A4 /* Release */,
			);
			defaultConfigurationIsVisible = 0;
			defaultConfigurationName = Release;
		};
/* End XCConfigurationList section */

/* Begin XCRemoteSwiftPackageReference section */
		02D9A6612A8512FA00E7F6A4 /* XCRemoteSwiftPackageReference "RxSwift" */ = {
			isa = XCRemoteSwiftPackageReference;
			repositoryURL = "https://github.com/ReactiveX/RxSwift.git";
			requirement = {
				branch = main;
				kind = branch;
			};
		};
		02D9A6682A85131D00E7F6A4 /* XCRemoteSwiftPackageReference "Kingfisher" */ = {
			isa = XCRemoteSwiftPackageReference;
			repositoryURL = "https://github.com/onevcat/Kingfisher.git";
			requirement = {
				branch = master;
				kind = branch;
			};
		};
		02D9A66B2A85133100E7F6A4 /* XCRemoteSwiftPackageReference "SnapKit" */ = {
			isa = XCRemoteSwiftPackageReference;
			repositoryURL = "https://github.com/SnapKit/SnapKit.git";
			requirement = {
				branch = develop;
				kind = branch;
			};
		};
/* End XCRemoteSwiftPackageReference section */

/* Begin XCSwiftPackageProductDependency section */
		02D9A6622A8512FB00E7F6A4 /* RxCocoa */ = {
			isa = XCSwiftPackageProductDependency;
			package = 02D9A6612A8512FA00E7F6A4 /* XCRemoteSwiftPackageReference "RxSwift" */;
			productName = RxCocoa;
		};
		02D9A6642A8512FB00E7F6A4 /* RxRelay */ = {
			isa = XCSwiftPackageProductDependency;
			package = 02D9A6612A8512FA00E7F6A4 /* XCRemoteSwiftPackageReference "RxSwift" */;
			productName = RxRelay;
		};
		02D9A6662A8512FB00E7F6A4 /* RxSwift */ = {
			isa = XCSwiftPackageProductDependency;
			package = 02D9A6612A8512FA00E7F6A4 /* XCRemoteSwiftPackageReference "RxSwift" */;
			productName = RxSwift;
		};
		02D9A6692A85131D00E7F6A4 /* Kingfisher */ = {
			isa = XCSwiftPackageProductDependency;
			package = 02D9A6682A85131D00E7F6A4 /* XCRemoteSwiftPackageReference "Kingfisher" */;
			productName = Kingfisher;
		};
		02D9A66C2A85133100E7F6A4 /* SnapKit */ = {
			isa = XCSwiftPackageProductDependency;
			package = 02D9A66B2A85133100E7F6A4 /* XCRemoteSwiftPackageReference "SnapKit" */;
			productName = SnapKit;
		};
/* End XCSwiftPackageProductDependency section */
	};
	rootObject = 02D9A6422A8512E000E7F6A4 /* Project object */;
}
